// !$*UTF8*$!
{
	archiveVersion = 1;
	classes = {
	};
	objectVersion = 56;
	objects = {

/* Begin PBXBuildFile section */
		0A11DA492912849200CEF8B0 /* ModelAnimation.swift in Sources */ = {isa = PBXBuildFile; fileRef = 0A11DA482912849200CEF8B0 /* ModelAnimation.swift */; };
		0AB78EE1291145060080D455 /* DataAnimations.swift in Sources */ = {isa = PBXBuildFile; fileRef = 0AB78EE0291145060080D455 /* DataAnimations.swift */; };
		0AF6D884291122CD001467B2 /* AppDelegate.swift in Sources */ = {isa = PBXBuildFile; fileRef = 0AF6D883291122CD001467B2 /* AppDelegate.swift */; };
		0AF6D886291122CD001467B2 /* SceneDelegate.swift in Sources */ = {isa = PBXBuildFile; fileRef = 0AF6D885291122CD001467B2 /* SceneDelegate.swift */; };
		0AF6D888291122CD001467B2 /* ViewController.swift in Sources */ = {isa = PBXBuildFile; fileRef = 0AF6D887291122CD001467B2 /* ViewController.swift */; };
		0AF6D88B291122CD001467B2 /* Main.storyboard in Resources */ = {isa = PBXBuildFile; fileRef = 0AF6D889291122CD001467B2 /* Main.storyboard */; };
		0AF6D88D291122CF001467B2 /* Assets.xcassets in Resources */ = {isa = PBXBuildFile; fileRef = 0AF6D88C291122CF001467B2 /* Assets.xcassets */; };
		0AF6D890291122CF001467B2 /* LaunchScreen.storyboard in Resources */ = {isa = PBXBuildFile; fileRef = 0AF6D88E291122CF001467B2 /* LaunchScreen.storyboard */; };
		0AF6D8992911276B001467B2 /* SpringAnimation in Frameworks */ = {isa = PBXBuildFile; productRef = 0AF6D8982911276B001467B2 /* SpringAnimation */; };
/* End PBXBuildFile section */

/* Begin PBXFileReference section */
		0A11DA482912849200CEF8B0 /* ModelAnimation.swift */ = {isa = PBXFileReference; lastKnownFileType = sourcecode.swift; path = ModelAnimation.swift; sourceTree = "<group>"; };
		0AB78EE0291145060080D455 /* DataAnimations.swift */ = {isa = PBXFileReference; lastKnownFileType = sourcecode.swift; path = DataAnimations.swift; sourceTree = "<group>"; };
		0AF6D880291122CD001467B2 /* R-spm.app */ = {isa = PBXFileReference; explicitFileType = wrapper.application; includeInIndex = 0; path = "R-spm.app"; sourceTree = BUILT_PRODUCTS_DIR; };
		0AF6D883291122CD001467B2 /* AppDelegate.swift */ = {isa = PBXFileReference; lastKnownFileType = sourcecode.swift; path = AppDelegate.swift; sourceTree = "<group>"; };
		0AF6D885291122CD001467B2 /* SceneDelegate.swift */ = {isa = PBXFileReference; lastKnownFileType = sourcecode.swift; path = SceneDelegate.swift; sourceTree = "<group>"; };
		0AF6D887291122CD001467B2 /* ViewController.swift */ = {isa = PBXFileReference; lastKnownFileType = sourcecode.swift; path = ViewController.swift; sourceTree = "<group>"; };
		0AF6D88A291122CD001467B2 /* Base */ = {isa = PBXFileReference; lastKnownFileType = file.storyboard; name = Base; path = Base.lproj/Main.storyboard; sourceTree = "<group>"; };
		0AF6D88C291122CF001467B2 /* Assets.xcassets */ = {isa = PBXFileReference; lastKnownFileType = folder.assetcatalog; path = Assets.xcassets; sourceTree = "<group>"; };
		0AF6D88F291122CF001467B2 /* Base */ = {isa = PBXFileReference; lastKnownFileType = file.storyboard; name = Base; path = Base.lproj/LaunchScreen.storyboard; sourceTree = "<group>"; };
		0AF6D891291122CF001467B2 /* Info.plist */ = {isa = PBXFileReference; lastKnownFileType = text.plist.xml; path = Info.plist; sourceTree = "<group>"; };
/* End PBXFileReference section */

/* Begin PBXFrameworksBuildPhase section */
		0AF6D87D291122CD001467B2 /* Frameworks */ = {
			isa = PBXFrameworksBuildPhase;
			buildActionMask = 2147483647;
			files = (
				0AF6D8992911276B001467B2 /* SpringAnimation in Frameworks */,
			);
			runOnlyForDeploymentPostprocessing = 0;
		};
/* End PBXFrameworksBuildPhase section */

/* Begin PBXGroup section */
		0A11DA4729127E6500CEF8B0 /* Models */ = {
			isa = PBXGroup;
			children = (
				0A11DA482912849200CEF8B0 /* ModelAnimation.swift */,
			);
			path = Models;
			sourceTree = "<group>";
		};
		0A11DA4A291288AC00CEF8B0 /* Services */ = {
			isa = PBXGroup;
			children = (
				0AB78EE0291145060080D455 /* DataAnimations.swift */,
			);
			path = Services;
			sourceTree = "<group>";
		};
		0AF6D877291122CD001467B2 = {
			isa = PBXGroup;
			children = (
				0AF6D882291122CD001467B2 /* R-spm */,
				0AF6D881291122CD001467B2 /* Products */,
			);
			sourceTree = "<group>";
		};
		0AF6D881291122CD001467B2 /* Products */ = {
			isa = PBXGroup;
			children = (
				0AF6D880291122CD001467B2 /* R-spm.app */,
			);
			name = Products;
			sourceTree = "<group>";
		};
		0AF6D882291122CD001467B2 /* R-spm */ = {
			isa = PBXGroup;
			children = (
				0A11DA4A291288AC00CEF8B0 /* Services */,
				0A11DA4729127E6500CEF8B0 /* Models */,
				0AF6D89B29112792001467B2 /* ViewControllers */,
				0AF6D89A29112782001467B2 /* App */,
				0AF6D89C2911279C001467B2 /* Storyboards */,
			);
			path = "R-spm";
			sourceTree = "<group>";
		};
		0AF6D89A29112782001467B2 /* App */ = {
			isa = PBXGroup;
			children = (
				0AF6D883291122CD001467B2 /* AppDelegate.swift */,
				0AF6D885291122CD001467B2 /* SceneDelegate.swift */,
				0AF6D891291122CF001467B2 /* Info.plist */,
				0AF6D88C291122CF001467B2 /* Assets.xcassets */,
			);
			path = App;
			sourceTree = "<group>";
		};
		0AF6D89B29112792001467B2 /* ViewControllers */ = {
			isa = PBXGroup;
			children = (
				0AF6D887291122CD001467B2 /* ViewController.swift */,
			);
			path = ViewControllers;
			sourceTree = "<group>";
		};
		0AF6D89C2911279C001467B2 /* Storyboards */ = {
			isa = PBXGroup;
			children = (
				0AF6D889291122CD001467B2 /* Main.storyboard */,
				0AF6D88E291122CF001467B2 /* LaunchScreen.storyboard */,
			);
			path = Storyboards;
			sourceTree = "<group>";
		};
/* End PBXGroup section */

/* Begin PBXNativeTarget section */
		0AF6D87F291122CD001467B2 /* R-spm */ = {
			isa = PBXNativeTarget;
			buildConfigurationList = 0AF6D894291122CF001467B2 /* Build configuration list for PBXNativeTarget "R-spm" */;
			buildPhases = (
				0AF6D87C291122CD001467B2 /* Sources */,
				0AF6D87D291122CD001467B2 /* Frameworks */,
				0AF6D87E291122CD001467B2 /* Resources */,
			);
			buildRules = (
			);
			dependencies = (
			);
			name = "R-spm";
			packageProductDependencies = (
				0AF6D8982911276B001467B2 /* SpringAnimation */,
			);
			productName = "R-spm";
			productReference = 0AF6D880291122CD001467B2 /* R-spm.app */;
			productType = "com.apple.product-type.application";
		};
/* End PBXNativeTarget section */

/* Begin PBXProject section */
		0AF6D878291122CD001467B2 /* Project object */ = {
			isa = PBXProject;
			attributes = {
				BuildIndependentTargetsInParallel = 1;
				LastSwiftUpdateCheck = 1400;
				LastUpgradeCheck = 1400;
				TargetAttributes = {
					0AF6D87F291122CD001467B2 = {
						CreatedOnToolsVersion = 14.0.1;
					};
				};
			};
			buildConfigurationList = 0AF6D87B291122CD001467B2 /* Build configuration list for PBXProject "R-spm" */;
			compatibilityVersion = "Xcode 14.0";
			developmentRegion = en;
			hasScannedForEncodings = 0;
			knownRegions = (
				en,
				Base,
			);
			mainGroup = 0AF6D877291122CD001467B2;
			packageReferences = (
				0AF6D8972911276B001467B2 /* XCRemoteSwiftPackageReference "SpringAnimation" */,
			);
			productRefGroup = 0AF6D881291122CD001467B2 /* Products */;
			projectDirPath = "";
			projectRoot = "";
			targets = (
				0AF6D87F291122CD001467B2 /* R-spm */,
			);
		};
/* End PBXProject section */

/* Begin PBXResourcesBuildPhase section */
		0AF6D87E291122CD001467B2 /* Resources */ = {
			isa = PBXResourcesBuildPhase;
			buildActionMask = 2147483647;
			files = (
				0AF6D890291122CF001467B2 /* LaunchScreen.storyboard in Resources */,
				0AF6D88D291122CF001467B2 /* Assets.xcassets in Resources */,
				0AF6D88B291122CD001467B2 /* Main.storyboard in Resources */,
			);
			runOnlyForDeploymentPostprocessing = 0;
		};
/* End PBXResourcesBuildPhase section */

/* Begin PBXSourcesBuildPhase section */
		0AF6D87C291122CD001467B2 /* Sources */ = {
			isa = PBXSourcesBuildPhase;
			buildActionMask = 2147483647;
			files = (
				0AB78EE1291145060080D455 /* DataAnimations.swift in Sources */,
				0A11DA492912849200CEF8B0 /* ModelAnimation.swift in Sources */,
				0AF6D888291122CD001467B2 /* ViewController.swift in Sources */,
				0AF6D884291122CD001467B2 /* AppDelegate.swift in Sources */,
				0AF6D886291122CD001467B2 /* SceneDelegate.swift in Sources */,
			);
			runOnlyForDeploymentPostprocessing = 0;
		};
/* End PBXSourcesBuildPhase section */

/* Begin PBXVariantGroup section */
		0AF6D889291122CD001467B2 /* Main.storyboard */ = {
			isa = PBXVariantGroup;
			children = (
				0AF6D88A291122CD001467B2 /* Base */,
			);
			name = Main.storyboard;
			sourceTree = "<group>";
		};
		0AF6D88E291122CF001467B2 /* LaunchScreen.storyboard */ = {
			isa = PBXVariantGroup;
			children = (
				0AF6D88F291122CF001467B2 /* Base */,
			);
			name = LaunchScreen.storyboard;
			sourceTree = "<group>";
		};
/* End PBXVariantGroup section */

/* Begin XCBuildConfiguration section */
		0AF6D892291122CF001467B2 /* Debug */ = {
			isa = XCBuildConfiguration;
			buildSettings = {
				ALWAYS_SEARCH_USER_PATHS = NO;
				CLANG_ANALYZER_NONNULL = YES;
				CLANG_ANALYZER_NUMBER_OBJECT_CONVERSION = YES_AGGRESSIVE;
				CLANG_CXX_LANGUAGE_STANDARD = "gnu++20";
				CLANG_ENABLE_MODULES = YES;
				CLANG_ENABLE_OBJC_ARC = YES;
				CLANG_ENABLE_OBJC_WEAK = YES;
				CLANG_WARN_BLOCK_CAPTURE_AUTORELEASING = YES;
				CLANG_WARN_BOOL_CONVERSION = YES;
				CLANG_WARN_COMMA = YES;
				CLANG_WARN_CONSTANT_CONVERSION = YES;
				CLANG_WARN_DEPRECATED_OBJC_IMPLEMENTATIONS = YES;
				CLANG_WARN_DIRECT_OBJC_ISA_USAGE = YES_ERROR;
				CLANG_WARN_DOCUMENTATION_COMMENTS = YES;
				CLANG_WARN_EMPTY_BODY = YES;
				CLANG_WARN_ENUM_CONVERSION = YES;
				CLANG_WARN_INFINITE_RECURSION = YES;
				CLANG_WARN_INT_CONVERSION = YES;
				CLANG_WARN_NON_LITERAL_NULL_CONVERSION = YES;
				CLANG_WARN_OBJC_IMPLICIT_RETAIN_SELF = YES;
				CLANG_WARN_OBJC_LITERAL_CONVERSION = YES;
				CLANG_WARN_OBJC_ROOT_CLASS = YES_ERROR;
				CLANG_WARN_QUOTED_INCLUDE_IN_FRAMEWORK_HEADER = YES;
				CLANG_WARN_RANGE_LOOP_ANALYSIS = YES;
				CLANG_WARN_STRICT_PROTOTYPES = YES;
				CLANG_WARN_SUSPICIOUS_MOVE = YES;
				CLANG_WARN_UNGUARDED_AVAILABILITY = YES_AGGRESSIVE;
				CLANG_WARN_UNREACHABLE_CODE = YES;
				CLANG_WARN__DUPLICATE_METHOD_MATCH = YES;
				COPY_PHASE_STRIP = NO;
				DEBUG_INFORMATION_FORMAT = dwarf;
				ENABLE_STRICT_OBJC_MSGSEND = YES;
				ENABLE_TESTABILITY = YES;
				GCC_C_LANGUAGE_STANDARD = gnu11;
				GCC_DYNAMIC_NO_PIC = NO;
				GCC_NO_COMMON_BLOCKS = YES;
				GCC_OPTIMIZATION_LEVEL = 0;
				GCC_PREPROCESSOR_DEFINITIONS = (
					"DEBUG=1",
					"$(inherited)",
				);
				GCC_WARN_64_TO_32_BIT_CONVERSION = YES;
				GCC_WARN_ABOUT_RETURN_TYPE = YES_ERROR;
				GCC_WARN_UNDECLARED_SELECTOR = YES;
				GCC_WARN_UNINITIALIZED_AUTOS = YES_AGGRESSIVE;
				GCC_WARN_UNUSED_FUNCTION = YES;
				GCC_WARN_UNUSED_VARIABLE = YES;
				IPHONEOS_DEPLOYMENT_TARGET = 16.0;
				MTL_ENABLE_DEBUG_INFO = INCLUDE_SOURCE;
				MTL_FAST_MATH = YES;
				ONLY_ACTIVE_ARCH = YES;
				SDKROOT = iphoneos;
				SWIFT_ACTIVE_COMPILATION_CONDITIONS = DEBUG;
				SWIFT_OPTIMIZATION_LEVEL = "-Onone";
			};
			name = Debug;
		};
		0AF6D893291122CF001467B2 /* Release */ = {
			isa = XCBuildConfiguration;
			buildSettings = {
				ALWAYS_SEARCH_USER_PATHS = NO;
				CLANG_ANALYZER_NONNULL = YES;
				CLANG_ANALYZER_NUMBER_OBJECT_CONVERSION = YES_AGGRESSIVE;
				CLANG_CXX_LANGUAGE_STANDARD = "gnu++20";
				CLANG_ENABLE_MODULES = YES;
				CLANG_ENABLE_OBJC_ARC = YES;
				CLANG_ENABLE_OBJC_WEAK = YES;
				CLANG_WARN_BLOCK_CAPTURE_AUTORELEASING = YES;
				CLANG_WARN_BOOL_CONVERSION = YES;
				CLANG_WARN_COMMA = YES;
				CLANG_WARN_CONSTANT_CONVERSION = YES;
				CLANG_WARN_DEPRECATED_OBJC_IMPLEMENTATIONS = YES;
				CLANG_WARN_DIRECT_OBJC_ISA_USAGE = YES_ERROR;
				CLANG_WARN_DOCUMENTATION_COMMENTS = YES;
				CLANG_WARN_EMPTY_BODY = YES;
				CLANG_WARN_ENUM_CONVERSION = YES;
				CLANG_WARN_INFINITE_RECURSION = YES;
				CLANG_WARN_INT_CONVERSION = YES;
				CLANG_WARN_NON_LITERAL_NULL_CONVERSION = YES;
				CLANG_WARN_OBJC_IMPLICIT_RETAIN_SELF = YES;
				CLANG_WARN_OBJC_LITERAL_CONVERSION = YES;
				CLANG_WARN_OBJC_ROOT_CLASS = YES_ERROR;
				CLANG_WARN_QUOTED_INCLUDE_IN_FRAMEWORK_HEADER = YES;
				CLANG_WARN_RANGE_LOOP_ANALYSIS = YES;
				CLANG_WARN_STRICT_PROTOTYPES = YES;
				CLANG_WARN_SUSPICIOUS_MOVE = YES;
				CLANG_WARN_UNGUARDED_AVAILABILITY = YES_AGGRESSIVE;
				CLANG_WARN_UNREACHABLE_CODE = YES;
				CLANG_WARN__DUPLICATE_METHOD_MATCH = YES;
				COPY_PHASE_STRIP = NO;
				DEBUG_INFORMATION_FORMAT = "dwarf-with-dsym";
				ENABLE_NS_ASSERTIONS = NO;
				ENABLE_STRICT_OBJC_MSGSEND = YES;
				GCC_C_LANGUAGE_STANDARD = gnu11;
				GCC_NO_COMMON_BLOCKS = YES;
				GCC_WARN_64_TO_32_BIT_CONVERSION = YES;
				GCC_WARN_ABOUT_RETURN_TYPE = YES_ERROR;
				GCC_WARN_UNDECLARED_SELECTOR = YES;
				GCC_WARN_UNINITIALIZED_AUTOS = YES_AGGRESSIVE;
				GCC_WARN_UNUSED_FUNCTION = YES;
				GCC_WARN_UNUSED_VARIABLE = YES;
				IPHONEOS_DEPLOYMENT_TARGET = 16.0;
				MTL_ENABLE_DEBUG_INFO = NO;
				MTL_FAST_MATH = YES;
				SDKROOT = iphoneos;
				SWIFT_COMPILATION_MODE = wholemodule;
				SWIFT_OPTIMIZATION_LEVEL = "-O";
				VALIDATE_PRODUCT = YES;
			};
			name = Release;
		};
		0AF6D895291122CF001467B2 /* Debug */ = {
			isa = XCBuildConfiguration;
			buildSettings = {
				ASSETCATALOG_COMPILER_APPICON_NAME = AppIcon;
				ASSETCATALOG_COMPILER_GLOBAL_ACCENT_COLOR_NAME = AccentColor;
				CODE_SIGN_STYLE = Automatic;
				CURRENT_PROJECT_VERSION = 1;
				DEVELOPMENT_TEAM = TS9637RRZN;
				GENERATE_INFOPLIST_FILE = YES;
				INFOPLIST_FILE = "R-spm/App/Info.plist";
				INFOPLIST_KEY_UIApplicationSupportsIndirectInputEvents = YES;
				INFOPLIST_KEY_UILaunchStoryboardName = LaunchScreen;
				INFOPLIST_KEY_UIMainStoryboardFile = Main;
				INFOPLIST_KEY_UISupportedInterfaceOrientations_iPad = "UIInterfaceOrientationPortrait UIInterfaceOrientationPortraitUpsideDown UIInterfaceOrientationLandscapeLeft UIInterfaceOrientationLandscapeRight";
				INFOPLIST_KEY_UISupportedInterfaceOrientations_iPhone = "UIInterfaceOrientationPortrait UIInterfaceOrientationLandscapeLeft UIInterfaceOrientationLandscapeRight";
				LD_RUNPATH_SEARCH_PATHS = (
					"$(inherited)",
					"@executable_path/Frameworks",
				);
				MARKETING_VERSION = 1.0;
				PRODUCT_BUNDLE_IDENTIFIER = "-.R-spm";
				PRODUCT_NAME = "$(TARGET_NAME)";
				SUPPORTED_PLATFORMS = "iphoneos iphonesimulator";
				SUPPORTS_MACCATALYST = NO;
				SUPPORTS_MAC_DESIGNED_FOR_IPHONE_IPAD = NO;
				SWIFT_EMIT_LOC_STRINGS = YES;
				SWIFT_VERSION = 5.0;
				TARGETED_DEVICE_FAMILY = 1;
			};
			name = Debug;
		};
		0AF6D896291122CF001467B2 /* Release */ = {
			isa = XCBuildConfiguration;
			buildSettings = {
				ASSETCATALOG_COMPILER_APPICON_NAME = AppIcon;
				ASSETCATALOG_COMPILER_GLOBAL_ACCENT_COLOR_NAME = AccentColor;
				CODE_SIGN_STYLE = Automatic;
				CURRENT_PROJECT_VERSION = 1;
				DEVELOPMENT_TEAM = TS9637RRZN;
				GENERATE_INFOPLIST_FILE = YES;
				INFOPLIST_FILE = "R-spm/App/Info.plist";
				INFOPLIST_KEY_UIApplicationSupportsIndirectInputEvents = YES;
				INFOPLIST_KEY_UILaunchStoryboardName = LaunchScreen;
				INFOPLIST_KEY_UIMainStoryboardFile = Main;
				INFOPLIST_KEY_UISupportedInterfaceOrientations_iPad = "UIInterfaceOrientationPortrait UIInterfaceOrientationPortraitUpsideDown UIInterfaceOrientationLandscapeLeft UIInterfaceOrientationLandscapeRight";
				INFOPLIST_KEY_UISupportedInterfaceOrientations_iPhone = "UIInterfaceOrientationPortrait UIInterfaceOrientationLandscapeLeft UIInterfaceOrientationLandscapeRight";
				LD_RUNPATH_SEARCH_PATHS = (
					"$(inherited)",
					"@executable_path/Frameworks",
				);
				MARKETING_VERSION = 1.0;
				PRODUCT_BUNDLE_IDENTIFIER = "-.R-spm";
				PRODUCT_NAME = "$(TARGET_NAME)";
				SUPPORTED_PLATFORMS = "iphoneos iphonesimulator";
				SUPPORTS_MACCATALYST = NO;
				SUPPORTS_MAC_DESIGNED_FOR_IPHONE_IPAD = NO;
				SWIFT_EMIT_LOC_STRINGS = YES;
				SWIFT_VERSION = 5.0;
				TARGETED_DEVICE_FAMILY = 1;
			};
			name = Release;
		};
/* End XCBuildConfiguration section */

/* Begin XCConfigurationList section */
		0AF6D87B291122CD001467B2 /* Build configuration list for PBXProject "R-spm" */ = {
			isa = XCConfigurationList;
			buildConfigurations = (
				0AF6D892291122CF001467B2 /* Debug */,
				0AF6D893291122CF001467B2 /* Release */,
			);
			defaultConfigurationIsVisible = 0;
			defaultConfigurationName = Release;
		};
		0AF6D894291122CF001467B2 /* Build configuration list for PBXNativeTarget "R-spm" */ = {
			isa = XCConfigurationList;
			buildConfigurations = (
				0AF6D895291122CF001467B2 /* Debug */,
				0AF6D896291122CF001467B2 /* Release */,
			);
			defaultConfigurationIsVisible = 0;
			defaultConfigurationName = Release;
		};
/* End XCConfigurationList section */

/* Begin XCRemoteSwiftPackageReference section */
		0AF6D8972911276B001467B2 /* XCRemoteSwiftPackageReference "SpringAnimation" */ = {
			isa = XCRemoteSwiftPackageReference;
			repositoryURL = "https://github.com/LexDeBash/SpringAnimation.git";
			requirement = {
				kind = upToNextMajorVersion;
				minimumVersion = 0.3.0;
			};
		};
/* End XCRemoteSwiftPackageReference section */

/* Begin XCSwiftPackageProductDependency section */
		0AF6D8982911276B001467B2 /* SpringAnimation */ = {
			isa = XCSwiftPackageProductDependency;
			package = 0AF6D8972911276B001467B2 /* XCRemoteSwiftPackageReference "SpringAnimation" */;
			productName = SpringAnimation;
		};
/* End XCSwiftPackageProductDependency section */
	};
	rootObject = 0AF6D878291122CD001467B2 /* Project object */;
}
